
Microsoft Visual Studio Solution File, Format Version 12.00
# Visual Studio Version 17
VisualStudioVersion = 17.2.32630.192
MinimumVisualStudioVersion = 10.0.40219.1
Project("{FAE04EC0-301F-11D3-BF4B-00C04F79EFBC}") = "LowestCostService.Api", "LowestCostService.Api\LowestCostService.Api.csproj", "{B70A6354-73D5-46FA-8FB2-C0103D00217B}"
EndProject
Project("{FAE04EC0-301F-11D3-BF4B-00C04F79EFBC}") = "LowestCostService.Data", "LowestCostService.Data\LowestCostService.Data.csproj", "{4C30F80E-4822-4D07-8247-942C7DDEC9D8}"
EndProject
Project("{FAE04EC0-301F-11D3-BF4B-00C04F79EFBC}") = "LowestCostService.Domain", "LowestCostService.Domain\LowestCostService.Domain.csproj", "{D96A9478-D1A4-49B7-A512-59200FC7862A}"
EndProject
Project("{FAE04EC0-301F-11D3-BF4B-00C04F79EFBC}") = "ExternalServiceA.Client", "ExternalServiceA.Client\ExternalServiceA.Client.csproj", "{C9796222-2DB8-4CA4-A4BC-7311A3B1F576}"
EndProject
Project("{FAE04EC0-301F-11D3-BF4B-00C04F79EFBC}") = "ExternalServiceB.Client", "ExternalServiceB.Client\ExternalServiceB.Client.csproj", "{32491266-69A2-4DAE-B192-1D72CF77B135}"
EndProject
Global
	GlobalSection(SolutionConfigurationPlatforms) = preSolution
		Debug|Any CPU = Debug|Any CPU
		Release|Any CPU = Release|Any CPU
	EndGlobalSection
	GlobalSection(ProjectConfigurationPlatforms) = postSolution
		{B70A6354-73D5-46FA-8FB2-C0103D00217B}.Debug|Any CPU.ActiveCfg = Debug|Any CPU
		{B70A6354-73D5-46FA-8FB2-C0103D00217B}.Debug|Any CPU.Build.0 = Debug|Any CPU
		{B70A6354-73D5-46FA-8FB2-C0103D00217B}.Release|Any CPU.ActiveCfg = Release|Any CPU
		{B70A6354-73D5-46FA-8FB2-C0103D00217B}.Release|Any CPU.Build.0 = Release|Any CPU
		{4C30F80E-4822-4D07-8247-942C7DDEC9D8}.Debug|Any CPU.ActiveCfg = Debug|Any CPU
		{4C30F80E-4822-4D07-8247-942C7DDEC9D8}.Debug|Any CPU.Build.0 = Debug|Any CPU
		{4C30F80E-4822-4D07-8247-942C7DDEC9D8}.Release|Any CPU.ActiveCfg = Release|Any CPU
		{4C30F80E-4822-4D07-8247-942C7DDEC9D8}.Release|Any CPU.Build.0 = Release|Any CPU
		{D96A9478-D1A4-49B7-A512-59200FC7862A}.Debug|Any CPU.ActiveCfg = Debug|Any CPU
		{D96A9478-D1A4-49B7-A512-59200FC7862A}.Debug|Any CPU.Build.0 = Debug|Any CPU
		{D96A9478-D1A4-49B7-A512-59200FC7862A}.Release|Any CPU.ActiveCfg = Release|Any CPU
		{D96A9478-D1A4-49B7-A512-59200FC7862A}.Release|Any CPU.Build.0 = Release|Any CPU
		{C9796222-2DB8-4CA4-A4BC-7311A3B1F576}.Debug|Any CPU.ActiveCfg = Debug|Any CPU
		{C9796222-2DB8-4CA4-A4BC-7311A3B1F576}.Debug|Any CPU.Build.0 = Debug|Any CPU
		{C9796222-2DB8-4CA4-A4BC-7311A3B1F576}.Release|Any CPU.ActiveCfg = Release|Any CPU
		{C9796222-2DB8-4CA4-A4BC-7311A3B1F576}.Release|Any CPU.Build.0 = Release|Any CPU
		{32491266-69A2-4DAE-B192-1D72CF77B135}.Debug|Any CPU.ActiveCfg = Debug|Any CPU
		{32491266-69A2-4DAE-B192-1D72CF77B135}.Debug|Any CPU.Build.0 = Debug|Any CPU
		{32491266-69A2-4DAE-B192-1D72CF77B135}.Release|Any CPU.ActiveCfg = Release|Any CPU
		{32491266-69A2-4DAE-B192-1D72CF77B135}.Release|Any CPU.Build.0 = Release|Any CPU
	EndGlobalSection
	GlobalSection(SolutionProperties) = preSolution
		HideSolutionNode = FALSE
	EndGlobalSection
	GlobalSection(ExtensibilityGlobals) = postSolution
		SolutionGuid = {573B2266-F17F-456C-BBBC-EE975845E878}
	EndGlobalSection
EndGlobal
